
Microsoft Visual Studio Solution File, Format Version 12.00
# Visual Studio 15
VisualStudioVersion = 15.0.26228.4
MinimumVisualStudioVersion = 10.0.40219.1
Project("{FAE04EC0-301F-11D3-BF4B-00C04F79EFBC}") = "UnitDemo", "UnitDemo.csproj", "{994E6101-381E-46A5-9FFF-A0A988B46AC6}"
EndProject
Project("{FAE04EC0-301F-11D3-BF4B-00C04F79EFBC}") = "Routing", "..\Routing\Routing.csproj", "{1BEEA6DB-AA25-431F-B155-C39AA566A366}"
EndProject
Project("{2150E333-8FDC-42A3-9474-1A3956D46DE8}") = "Solution Items", "Solution Items", "{C34DA42D-D7EA-4E26-B626-F4B7256F43A8}"
EndProject
Project("{FAE04EC0-301F-11D3-BF4B-00C04F79EFBC}") = "EntityFrameWorkInfrans", "..\EntityFrameWorkInfrans\EntityFrameWorkInfrans.csproj", "{739D6FBF-8D84-4615-B805-BAB6F145AA97}"
EndProject
Project("{2150E333-8FDC-42A3-9474-1A3956D46DE8}") = ".nuget", ".nuget", "{B8EE5C2D-F5F7-4BB5-9725-0D72FA22372F}"
	ProjectSection(SolutionItems) = preProject
		.nuget\NuGet.Config = .nuget\NuGet.Config
		.nuget\NuGet.exe = .nuget\NuGet.exe
		.nuget\NuGet.targets = .nuget\NuGet.targets
	EndProjectSection
EndProject
Project("{FAE04EC0-301F-11D3-BF4B-00C04F79EFBC}") = "CLR", "..\CLR\CLR.csproj", "{CCC44B56-E5BB-49D7-9CD2-B95E71BA1810}"
EndProject
Project("{FAE04EC0-301F-11D3-BF4B-00C04F79EFBC}") = "Frame4.0Unit", "..\Frame4.0Unit\Frame4.0Unit.csproj", "{2EDFA285-A2DA-41A0-AF87-B3C4BF11222B}"
EndProject
Project("{FAE04EC0-301F-11D3-BF4B-00C04F79EFBC}") = "AspNetWebForm", "..\AspNetWebForm\AspNetWebForm.csproj", "{7964EA2E-2E24-4C2B-977C-0B16A3CB4903}"
EndProject
Project("{FAE04EC0-301F-11D3-BF4B-00C04F79EFBC}") = "MVCDemo", "..\MVCDemo\MVCDemo.csproj", "{FC1FC620-5375-434C-B604-BEA3EB03ACAD}"
EndProject
Project("{F088123C-0E9E-452A-89E6-6BA2F21D5CAC}") = "UMLModel", "..\UMLModel\UMLModel.modelproj", "{9B55524C-EAE4-4988-ABD3-EC61EE011018}"
EndProject
Project("{FAE04EC0-301F-11D3-BF4B-00C04F79EFBC}") = "UMLModelLib", "..\UMLModelLib\UMLModelLib.csproj", "{3528C97F-A778-4987-BB69-325F2257DDFC}"
EndProject
Project("{FAE04EC0-301F-11D3-BF4B-00C04F79EFBC}") = "WebFaceBook", "..\WebFaceBook\WebFaceBook.csproj", "{2ED0EEE9-34A0-4062-A75D-DAED623965CB}"
EndProject
Project("{FAE04EC0-301F-11D3-BF4B-00C04F79EFBC}") = "WebApiDemo", "..\WebApiDemo\WebApiDemo.csproj", "{59A9DD28-E534-4CC1-AA43-A37060CF924D}"
EndProject
Project("{FAE04EC0-301F-11D3-BF4B-00C04F79EFBC}") = "OData", "..\OData\OData.csproj", "{774F1609-82D5-42C6-986E-60436CB8F898}"
EndProject
Project("{FAE04EC0-301F-11D3-BF4B-00C04F79EFBC}") = "SqlServerDemo", "..\SqlServerDemo\SqlServerDemo.csproj", "{EDA89EEB-EFCE-4ECD-9FF8-5E057A9BD06F}"
EndProject
Project("{FAE04EC0-301F-11D3-BF4B-00C04F79EFBC}") = "LinqToEntity", "..\LinqToEntity\LinqToEntity.csproj", "{39C1693B-D6AE-46BB-9DCB-FA934C377378}"
EndProject
Project("{FAE04EC0-301F-11D3-BF4B-00C04F79EFBC}") = "XUnitDemo", "..\XUnitDemo\XUnitDemo.csproj", "{49AF2698-C25B-427A-8319-F46A8A6B97F1}"
EndProject
Project("{FAE04EC0-301F-11D3-BF4B-00C04F79EFBC}") = "WebFormDeep", "..\WebFormDeep\WebFormDeep.csproj", "{09FE58E0-B7FD-439F-AF2E-3CD6F09B8DDF}"
EndProject
Project("{FAE04EC0-301F-11D3-BF4B-00C04F79EFBC}") = "SinglarR2Demo", "..\SinglarR2Demo\SinglarR2Demo.csproj", "{952C9B67-8D41-4D4B-988D-C6ED3EFA5E23}"
EndProject
Project("{FAE04EC0-301F-11D3-BF4B-00C04F79EFBC}") = "AutoFacDemo", "..\AutoFacDemo\AutoFacDemo.csproj", "{05F1EF26-4BC5-490A-AF97-3AFDE30A24DE}"
EndProject
Project("{FAE04EC0-301F-11D3-BF4B-00C04F79EFBC}") = "MVC5AutoFac", "..\MVC5AutoFac\MVC5AutoFac.csproj", "{84BC67B4-E85B-4F28-870B-40AE91B08F23}"
EndProject
Project("{FAE04EC0-301F-11D3-BF4B-00C04F79EFBC}") = "ActiveMQDemo", "..\ActiveMQDemo\ActiveMQDemo.csproj", "{07FBE589-DE57-4D28-92D2-70671B8C8B0C}"
EndProject
Project("{FAE04EC0-301F-11D3-BF4B-00C04F79EFBC}") = "QuartzDemo", "..\QuartzDemo\QuartzDemo.csproj", "{3B1B9A40-7FF3-42DD-BAF4-841E02527669}"
EndProject
Project("{FAE04EC0-301F-11D3-BF4B-00C04F79EFBC}") = "Log4NetDemo", "..\Log4NetDemo\Log4NetDemo.csproj", "{06C46867-07E7-44D2-9081-EE05BD16E029}"
EndProject
Project("{FAE04EC0-301F-11D3-BF4B-00C04F79EFBC}") = "CrystalQuartzWebDemo", "..\CrystalQuartzWebDemo\CrystalQuartzWebDemo.csproj", "{15C9061E-C924-4E44-B302-222BF38EEAE6}"
EndProject
Project("{FAE04EC0-301F-11D3-BF4B-00C04F79EFBC}") = "ELKDEmo", "..\Logstash\ELKDEmo.csproj", "{69A04F4F-88F4-40FE-8FDF-5EBFD2F56092}"
EndProject
Project("{FAE04EC0-301F-11D3-BF4B-00C04F79EFBC}") = "ElasticSearchDemo", "..\ElasticSearchDemo\ElasticSearchDemo.csproj", "{D7A0E062-40D0-4B29-B472-C286AE9E7748}"
EndProject
Project("{FAE04EC0-301F-11D3-BF4B-00C04F79EFBC}") = "CrypDemo", "..\CrypDemo\CrypDemo.csproj", "{983D30AD-123A-4677-999B-622B354B2742}"
EndProject
Project("{FAE04EC0-301F-11D3-BF4B-00C04F79EFBC}") = "DDDDemo", "..\DDDDemo\DDDDemo.csproj", "{626A3041-D850-4488-ABE1-68F17435F46C}"
EndProject
Project("{FAE04EC0-301F-11D3-BF4B-00C04F79EFBC}") = "RestAPIDemo", "..\RestAPIDemo\RestAPIDemo.csproj", "{CA19D517-32D6-49CA-BE3E-12F6F024740F}"
EndProject
Project("{9A19103F-16F7-4668-BE54-9A1E7A4F7556}") = "WebMvcCoreDemo", "..\WebMvcCoreDemo\WebMvcCoreDemo.csproj", "{2DF706B0-88F6-4534-AD97-A98C4BC24FED}"
EndProject
Project("{FAE04EC0-301F-11D3-BF4B-00C04F79EFBC}") = "WebExternalAuthenticationDemo", "..\WebExternalAuthenticationDemo\WebExternalAuthenticationDemo.csproj", "{02300975-2ACA-4B87-8681-63D80E993BCD}"
EndProject
Project("{FAE04EC0-301F-11D3-BF4B-00C04F79EFBC}") = "EfResposity", "..\EfResposity\EfResposity.csproj", "{9999D9F5-C327-4624-AC6E-22167BD4CCFF}"
EndProject
Project("{FAE04EC0-301F-11D3-BF4B-00C04F79EFBC}") = "PageCache", "..\PageCache\PageCache.csproj", "{298268E9-9087-4DCC-834F-FD4AC50E608B}"
EndProject
Project("{FAE04EC0-301F-11D3-BF4B-00C04F79EFBC}") = "WebSession", "..\WebSession\WebSession.csproj", "{70A8FACA-36CB-41E4-A5D5-21F80BB8A78E}"
EndProject
Project("{FAE04EC0-301F-11D3-BF4B-00C04F79EFBC}") = "WebFormLifeCycle", "..\WebFormLifeCycle\WebFormLifeCycle.csproj", "{1E362093-653A-4F58-B283-3E04B04F5146}"
EndProject
Project("{FAE04EC0-301F-11D3-BF4B-00C04F79EFBC}") = "LBSMVC", "..\LBSMVC\LBSMVC.csproj", "{8637F3AD-BF83-4D38-86EE-3EF6EAB10A30}"
EndProject
Project("{FAE04EC0-301F-11D3-BF4B-00C04F79EFBC}") = "LBSMVC002", "..\LBSMVC002\LBSMVC002.csproj", "{B281AA8E-E5AE-4238-8275-A17017D64182}"
EndProject
Project("{FAE04EC0-301F-11D3-BF4B-00C04F79EFBC}") = "CQRSUnit", "..\CQRSUnit\CQRSUnit.csproj", "{51E4EE07-83A9-4F46-8363-D0F3D5BD76E5}"
EndProject
Project("{FAE04EC0-301F-11D3-BF4B-00C04F79EFBC}") = "SecKill", "..\SecKill\SecKill.csproj", "{1C356013-5A04-44A4-8034-37B95AE5E0B8}"
EndProject
Project("{FAE04EC0-301F-11D3-BF4B-00C04F79EFBC}") = "PostGet", "..\PostGet\PostGet.csproj", "{CE1917FE-5A9E-4A2B-A7AC-5DBCA51EA24F}"
EndProject
Project("{FAE04EC0-301F-11D3-BF4B-00C04F79EFBC}") = "ListenerServer", "..\ListenerServer\ListenerServer.csproj", "{2E45780C-23A2-4928-9520-5E0C71CBFC35}"
EndProject
Global
	GlobalSection(SolutionConfigurationPlatforms) = preSolution
		Debug|Any CPU = Debug|Any CPU
		Release|Any CPU = Release|Any CPU
	EndGlobalSection
	GlobalSection(ProjectConfigurationPlatforms) = postSolution
		{994E6101-381E-46A5-9FFF-A0A988B46AC6}.Debug|Any CPU.ActiveCfg = Debug|Any CPU
		{994E6101-381E-46A5-9FFF-A0A988B46AC6}.Debug|Any CPU.Build.0 = Debug|Any CPU
		{994E6101-381E-46A5-9FFF-A0A988B46AC6}.Release|Any CPU.ActiveCfg = Release|Any CPU
		{994E6101-381E-46A5-9FFF-A0A988B46AC6}.Release|Any CPU.Build.0 = Release|Any CPU
		{1BEEA6DB-AA25-431F-B155-C39AA566A366}.Debug|Any CPU.ActiveCfg = Debug|Any CPU
		{1BEEA6DB-AA25-431F-B155-C39AA566A366}.Debug|Any CPU.Build.0 = Debug|Any CPU
		{1BEEA6DB-AA25-431F-B155-C39AA566A366}.Release|Any CPU.ActiveCfg = Release|Any CPU
		{1BEEA6DB-AA25-431F-B155-C39AA566A366}.Release|Any CPU.Build.0 = Release|Any CPU
		{739D6FBF-8D84-4615-B805-BAB6F145AA97}.Debug|Any CPU.ActiveCfg = Debug|Any CPU
		{739D6FBF-8D84-4615-B805-BAB6F145AA97}.Debug|Any CPU.Build.0 = Debug|Any CPU
		{739D6FBF-8D84-4615-B805-BAB6F145AA97}.Release|Any CPU.ActiveCfg = Release|Any CPU
		{739D6FBF-8D84-4615-B805-BAB6F145AA97}.Release|Any CPU.Build.0 = Release|Any CPU
		{CCC44B56-E5BB-49D7-9CD2-B95E71BA1810}.Debug|Any CPU.ActiveCfg = Debug|Any CPU
		{CCC44B56-E5BB-49D7-9CD2-B95E71BA1810}.Debug|Any CPU.Build.0 = Debug|Any CPU
		{CCC44B56-E5BB-49D7-9CD2-B95E71BA1810}.Release|Any CPU.ActiveCfg = Release|Any CPU
		{CCC44B56-E5BB-49D7-9CD2-B95E71BA1810}.Release|Any CPU.Build.0 = Release|Any CPU
		{2EDFA285-A2DA-41A0-AF87-B3C4BF11222B}.Debug|Any CPU.ActiveCfg = Debug|Any CPU
		{2EDFA285-A2DA-41A0-AF87-B3C4BF11222B}.Debug|Any CPU.Build.0 = Debug|Any CPU
		{2EDFA285-A2DA-41A0-AF87-B3C4BF11222B}.Release|Any CPU.ActiveCfg = Release|Any CPU
		{2EDFA285-A2DA-41A0-AF87-B3C4BF11222B}.Release|Any CPU.Build.0 = Release|Any CPU
		{7964EA2E-2E24-4C2B-977C-0B16A3CB4903}.Debug|Any CPU.ActiveCfg = Debug|Any CPU
		{7964EA2E-2E24-4C2B-977C-0B16A3CB4903}.Debug|Any CPU.Build.0 = Debug|Any CPU
		{7964EA2E-2E24-4C2B-977C-0B16A3CB4903}.Release|Any CPU.ActiveCfg = Release|Any CPU
		{7964EA2E-2E24-4C2B-977C-0B16A3CB4903}.Release|Any CPU.Build.0 = Release|Any CPU
		{FC1FC620-5375-434C-B604-BEA3EB03ACAD}.Debug|Any CPU.ActiveCfg = Debug|Any CPU
		{FC1FC620-5375-434C-B604-BEA3EB03ACAD}.Debug|Any CPU.Build.0 = Debug|Any CPU
		{FC1FC620-5375-434C-B604-BEA3EB03ACAD}.Release|Any CPU.ActiveCfg = Release|Any CPU
		{FC1FC620-5375-434C-B604-BEA3EB03ACAD}.Release|Any CPU.Build.0 = Release|Any CPU
		{9B55524C-EAE4-4988-ABD3-EC61EE011018}.Debug|Any CPU.ActiveCfg = Debug|Any CPU
		{9B55524C-EAE4-4988-ABD3-EC61EE011018}.Debug|Any CPU.Build.0 = Debug|Any CPU
		{9B55524C-EAE4-4988-ABD3-EC61EE011018}.Release|Any CPU.ActiveCfg = Release|Any CPU
		{9B55524C-EAE4-4988-ABD3-EC61EE011018}.Release|Any CPU.Build.0 = Release|Any CPU
		{3528C97F-A778-4987-BB69-325F2257DDFC}.Debug|Any CPU.ActiveCfg = Debug|Any CPU
		{3528C97F-A778-4987-BB69-325F2257DDFC}.Debug|Any CPU.Build.0 = Debug|Any CPU
		{3528C97F-A778-4987-BB69-325F2257DDFC}.Release|Any CPU.ActiveCfg = Release|Any CPU
		{3528C97F-A778-4987-BB69-325F2257DDFC}.Release|Any CPU.Build.0 = Release|Any CPU
		{2ED0EEE9-34A0-4062-A75D-DAED623965CB}.Debug|Any CPU.ActiveCfg = Debug|Any CPU
		{2ED0EEE9-34A0-4062-A75D-DAED623965CB}.Debug|Any CPU.Build.0 = Debug|Any CPU
		{2ED0EEE9-34A0-4062-A75D-DAED623965CB}.Release|Any CPU.ActiveCfg = Release|Any CPU
		{2ED0EEE9-34A0-4062-A75D-DAED623965CB}.Release|Any CPU.Build.0 = Release|Any CPU
		{59A9DD28-E534-4CC1-AA43-A37060CF924D}.Debug|Any CPU.ActiveCfg = Debug|Any CPU
		{59A9DD28-E534-4CC1-AA43-A37060CF924D}.Debug|Any CPU.Build.0 = Debug|Any CPU
		{59A9DD28-E534-4CC1-AA43-A37060CF924D}.Release|Any CPU.ActiveCfg = Release|Any CPU
		{59A9DD28-E534-4CC1-AA43-A37060CF924D}.Release|Any CPU.Build.0 = Release|Any CPU
		{774F1609-82D5-42C6-986E-60436CB8F898}.Debug|Any CPU.ActiveCfg = Debug|Any CPU
		{774F1609-82D5-42C6-986E-60436CB8F898}.Debug|Any CPU.Build.0 = Debug|Any CPU
		{774F1609-82D5-42C6-986E-60436CB8F898}.Release|Any CPU.ActiveCfg = Release|Any CPU
		{774F1609-82D5-42C6-986E-60436CB8F898}.Release|Any CPU.Build.0 = Release|Any CPU
		{EDA89EEB-EFCE-4ECD-9FF8-5E057A9BD06F}.Debug|Any CPU.ActiveCfg = Debug|Any CPU
		{EDA89EEB-EFCE-4ECD-9FF8-5E057A9BD06F}.Debug|Any CPU.Build.0 = Debug|Any CPU
		{EDA89EEB-EFCE-4ECD-9FF8-5E057A9BD06F}.Release|Any CPU.ActiveCfg = Release|Any CPU
		{EDA89EEB-EFCE-4ECD-9FF8-5E057A9BD06F}.Release|Any CPU.Build.0 = Release|Any CPU
		{39C1693B-D6AE-46BB-9DCB-FA934C377378}.Debug|Any CPU.ActiveCfg = Debug|Any CPU
		{39C1693B-D6AE-46BB-9DCB-FA934C377378}.Debug|Any CPU.Build.0 = Debug|Any CPU
		{39C1693B-D6AE-46BB-9DCB-FA934C377378}.Release|Any CPU.ActiveCfg = Release|Any CPU
		{39C1693B-D6AE-46BB-9DCB-FA934C377378}.Release|Any CPU.Build.0 = Release|Any CPU
		{49AF2698-C25B-427A-8319-F46A8A6B97F1}.Debug|Any CPU.ActiveCfg = Debug|Any CPU
		{49AF2698-C25B-427A-8319-F46A8A6B97F1}.Debug|Any CPU.Build.0 = Debug|Any CPU
		{49AF2698-C25B-427A-8319-F46A8A6B97F1}.Release|Any CPU.ActiveCfg = Release|Any CPU
		{49AF2698-C25B-427A-8319-F46A8A6B97F1}.Release|Any CPU.Build.0 = Release|Any CPU
		{09FE58E0-B7FD-439F-AF2E-3CD6F09B8DDF}.Debug|Any CPU.ActiveCfg = Debug|Any CPU
		{09FE58E0-B7FD-439F-AF2E-3CD6F09B8DDF}.Debug|Any CPU.Build.0 = Debug|Any CPU
		{09FE58E0-B7FD-439F-AF2E-3CD6F09B8DDF}.Release|Any CPU.ActiveCfg = Release|Any CPU
		{09FE58E0-B7FD-439F-AF2E-3CD6F09B8DDF}.Release|Any CPU.Build.0 = Release|Any CPU
		{952C9B67-8D41-4D4B-988D-C6ED3EFA5E23}.Debug|Any CPU.ActiveCfg = Debug|Any CPU
		{952C9B67-8D41-4D4B-988D-C6ED3EFA5E23}.Debug|Any CPU.Build.0 = Debug|Any CPU
		{952C9B67-8D41-4D4B-988D-C6ED3EFA5E23}.Release|Any CPU.ActiveCfg = Release|Any CPU
		{952C9B67-8D41-4D4B-988D-C6ED3EFA5E23}.Release|Any CPU.Build.0 = Release|Any CPU
		{05F1EF26-4BC5-490A-AF97-3AFDE30A24DE}.Debug|Any CPU.ActiveCfg = Debug|Any CPU
		{05F1EF26-4BC5-490A-AF97-3AFDE30A24DE}.Debug|Any CPU.Build.0 = Debug|Any CPU
		{05F1EF26-4BC5-490A-AF97-3AFDE30A24DE}.Release|Any CPU.ActiveCfg = Release|Any CPU
		{05F1EF26-4BC5-490A-AF97-3AFDE30A24DE}.Release|Any CPU.Build.0 = Release|Any CPU
		{84BC67B4-E85B-4F28-870B-40AE91B08F23}.Debug|Any CPU.ActiveCfg = Debug|Any CPU
		{84BC67B4-E85B-4F28-870B-40AE91B08F23}.Debug|Any CPU.Build.0 = Debug|Any CPU
		{84BC67B4-E85B-4F28-870B-40AE91B08F23}.Release|Any CPU.ActiveCfg = Release|Any CPU
		{84BC67B4-E85B-4F28-870B-40AE91B08F23}.Release|Any CPU.Build.0 = Release|Any CPU
		{07FBE589-DE57-4D28-92D2-70671B8C8B0C}.Debug|Any CPU.ActiveCfg = Debug|Any CPU
		{07FBE589-DE57-4D28-92D2-70671B8C8B0C}.Debug|Any CPU.Build.0 = Debug|Any CPU
		{07FBE589-DE57-4D28-92D2-70671B8C8B0C}.Release|Any CPU.ActiveCfg = Release|Any CPU
		{07FBE589-DE57-4D28-92D2-70671B8C8B0C}.Release|Any CPU.Build.0 = Release|Any CPU
		{3B1B9A40-7FF3-42DD-BAF4-841E02527669}.Debug|Any CPU.ActiveCfg = Debug|Any CPU
		{3B1B9A40-7FF3-42DD-BAF4-841E02527669}.Debug|Any CPU.Build.0 = Debug|Any CPU
		{3B1B9A40-7FF3-42DD-BAF4-841E02527669}.Release|Any CPU.ActiveCfg = Release|Any CPU
		{3B1B9A40-7FF3-42DD-BAF4-841E02527669}.Release|Any CPU.Build.0 = Release|Any CPU
		{06C46867-07E7-44D2-9081-EE05BD16E029}.Debug|Any CPU.ActiveCfg = Debug|Any CPU
		{06C46867-07E7-44D2-9081-EE05BD16E029}.Debug|Any CPU.Build.0 = Debug|Any CPU
		{06C46867-07E7-44D2-9081-EE05BD16E029}.Release|Any CPU.ActiveCfg = Release|Any CPU
		{06C46867-07E7-44D2-9081-EE05BD16E029}.Release|Any CPU.Build.0 = Release|Any CPU
		{15C9061E-C924-4E44-B302-222BF38EEAE6}.Debug|Any CPU.ActiveCfg = Debug|Any CPU
		{15C9061E-C924-4E44-B302-222BF38EEAE6}.Debug|Any CPU.Build.0 = Debug|Any CPU
		{15C9061E-C924-4E44-B302-222BF38EEAE6}.Release|Any CPU.ActiveCfg = Release|Any CPU
		{15C9061E-C924-4E44-B302-222BF38EEAE6}.Release|Any CPU.Build.0 = Release|Any CPU
		{69A04F4F-88F4-40FE-8FDF-5EBFD2F56092}.Debug|Any CPU.ActiveCfg = Debug|Any CPU
		{69A04F4F-88F4-40FE-8FDF-5EBFD2F56092}.Debug|Any CPU.Build.0 = Debug|Any CPU
		{69A04F4F-88F4-40FE-8FDF-5EBFD2F56092}.Release|Any CPU.ActiveCfg = Release|Any CPU
		{69A04F4F-88F4-40FE-8FDF-5EBFD2F56092}.Release|Any CPU.Build.0 = Release|Any CPU
		{D7A0E062-40D0-4B29-B472-C286AE9E7748}.Debug|Any CPU.ActiveCfg = Debug|Any CPU
		{D7A0E062-40D0-4B29-B472-C286AE9E7748}.Debug|Any CPU.Build.0 = Debug|Any CPU
		{D7A0E062-40D0-4B29-B472-C286AE9E7748}.Release|Any CPU.ActiveCfg = Release|Any CPU
		{D7A0E062-40D0-4B29-B472-C286AE9E7748}.Release|Any CPU.Build.0 = Release|Any CPU
		{983D30AD-123A-4677-999B-622B354B2742}.Debug|Any CPU.ActiveCfg = Debug|Any CPU
		{983D30AD-123A-4677-999B-622B354B2742}.Debug|Any CPU.Build.0 = Debug|Any CPU
		{983D30AD-123A-4677-999B-622B354B2742}.Release|Any CPU.ActiveCfg = Release|Any CPU
		{983D30AD-123A-4677-999B-622B354B2742}.Release|Any CPU.Build.0 = Release|Any CPU
		{626A3041-D850-4488-ABE1-68F17435F46C}.Debug|Any CPU.ActiveCfg = Debug|Any CPU
		{626A3041-D850-4488-ABE1-68F17435F46C}.Debug|Any CPU.Build.0 = Debug|Any CPU
		{626A3041-D850-4488-ABE1-68F17435F46C}.Release|Any CPU.ActiveCfg = Release|Any CPU
		{626A3041-D850-4488-ABE1-68F17435F46C}.Release|Any CPU.Build.0 = Release|Any CPU
		{CA19D517-32D6-49CA-BE3E-12F6F024740F}.Debug|Any CPU.ActiveCfg = Debug|Any CPU
		{CA19D517-32D6-49CA-BE3E-12F6F024740F}.Debug|Any CPU.Build.0 = Debug|Any CPU
		{CA19D517-32D6-49CA-BE3E-12F6F024740F}.Release|Any CPU.ActiveCfg = Release|Any CPU
		{CA19D517-32D6-49CA-BE3E-12F6F024740F}.Release|Any CPU.Build.0 = Release|Any CPU
		{2DF706B0-88F6-4534-AD97-A98C4BC24FED}.Debug|Any CPU.ActiveCfg = Debug|Any CPU
		{2DF706B0-88F6-4534-AD97-A98C4BC24FED}.Debug|Any CPU.Build.0 = Debug|Any CPU
		{2DF706B0-88F6-4534-AD97-A98C4BC24FED}.Release|Any CPU.ActiveCfg = Release|Any CPU
		{2DF706B0-88F6-4534-AD97-A98C4BC24FED}.Release|Any CPU.Build.0 = Release|Any CPU
		{02300975-2ACA-4B87-8681-63D80E993BCD}.Debug|Any CPU.ActiveCfg = Debug|Any CPU
		{02300975-2ACA-4B87-8681-63D80E993BCD}.Debug|Any CPU.Build.0 = Debug|Any CPU
		{02300975-2ACA-4B87-8681-63D80E993BCD}.Release|Any CPU.ActiveCfg = Release|Any CPU
		{02300975-2ACA-4B87-8681-63D80E993BCD}.Release|Any CPU.Build.0 = Release|Any CPU
		{9999D9F5-C327-4624-AC6E-22167BD4CCFF}.Debug|Any CPU.ActiveCfg = Debug|Any CPU
		{9999D9F5-C327-4624-AC6E-22167BD4CCFF}.Debug|Any CPU.Build.0 = Debug|Any CPU
		{9999D9F5-C327-4624-AC6E-22167BD4CCFF}.Release|Any CPU.ActiveCfg = Release|Any CPU
		{9999D9F5-C327-4624-AC6E-22167BD4CCFF}.Release|Any CPU.Build.0 = Release|Any CPU
		{298268E9-9087-4DCC-834F-FD4AC50E608B}.Debug|Any CPU.ActiveCfg = Debug|Any CPU
		{298268E9-9087-4DCC-834F-FD4AC50E608B}.Debug|Any CPU.Build.0 = Debug|Any CPU
		{298268E9-9087-4DCC-834F-FD4AC50E608B}.Release|Any CPU.ActiveCfg = Release|Any CPU
		{298268E9-9087-4DCC-834F-FD4AC50E608B}.Release|Any CPU.Build.0 = Release|Any CPU
		{70A8FACA-36CB-41E4-A5D5-21F80BB8A78E}.Debug|Any CPU.ActiveCfg = Debug|Any CPU
		{70A8FACA-36CB-41E4-A5D5-21F80BB8A78E}.Debug|Any CPU.Build.0 = Debug|Any CPU
		{70A8FACA-36CB-41E4-A5D5-21F80BB8A78E}.Release|Any CPU.ActiveCfg = Release|Any CPU
		{70A8FACA-36CB-41E4-A5D5-21F80BB8A78E}.Release|Any CPU.Build.0 = Release|Any CPU
		{1E362093-653A-4F58-B283-3E04B04F5146}.Debug|Any CPU.ActiveCfg = Debug|Any CPU
		{1E362093-653A-4F58-B283-3E04B04F5146}.Debug|Any CPU.Build.0 = Debug|Any CPU
		{1E362093-653A-4F58-B283-3E04B04F5146}.Release|Any CPU.ActiveCfg = Release|Any CPU
		{1E362093-653A-4F58-B283-3E04B04F5146}.Release|Any CPU.Build.0 = Release|Any CPU
		{8637F3AD-BF83-4D38-86EE-3EF6EAB10A30}.Debug|Any CPU.ActiveCfg = Debug|Any CPU
		{8637F3AD-BF83-4D38-86EE-3EF6EAB10A30}.Debug|Any CPU.Build.0 = Debug|Any CPU
		{8637F3AD-BF83-4D38-86EE-3EF6EAB10A30}.Release|Any CPU.ActiveCfg = Release|Any CPU
		{8637F3AD-BF83-4D38-86EE-3EF6EAB10A30}.Release|Any CPU.Build.0 = Release|Any CPU
		{B281AA8E-E5AE-4238-8275-A17017D64182}.Debug|Any CPU.ActiveCfg = Debug|Any CPU
		{B281AA8E-E5AE-4238-8275-A17017D64182}.Debug|Any CPU.Build.0 = Debug|Any CPU
		{B281AA8E-E5AE-4238-8275-A17017D64182}.Release|Any CPU.ActiveCfg = Release|Any CPU
		{B281AA8E-E5AE-4238-8275-A17017D64182}.Release|Any CPU.Build.0 = Release|Any CPU
		{51E4EE07-83A9-4F46-8363-D0F3D5BD76E5}.Debug|Any CPU.ActiveCfg = Debug|Any CPU
		{51E4EE07-83A9-4F46-8363-D0F3D5BD76E5}.Debug|Any CPU.Build.0 = Debug|Any CPU
		{51E4EE07-83A9-4F46-8363-D0F3D5BD76E5}.Release|Any CPU.ActiveCfg = Release|Any CPU
		{51E4EE07-83A9-4F46-8363-D0F3D5BD76E5}.Release|Any CPU.Build.0 = Release|Any CPU
		{1C356013-5A04-44A4-8034-37B95AE5E0B8}.Debug|Any CPU.ActiveCfg = Debug|Any CPU
		{1C356013-5A04-44A4-8034-37B95AE5E0B8}.Debug|Any CPU.Build.0 = Debug|Any CPU
		{1C356013-5A04-44A4-8034-37B95AE5E0B8}.Release|Any CPU.ActiveCfg = Release|Any CPU
		{1C356013-5A04-44A4-8034-37B95AE5E0B8}.Release|Any CPU.Build.0 = Release|Any CPU
		{CE1917FE-5A9E-4A2B-A7AC-5DBCA51EA24F}.Debug|Any CPU.ActiveCfg = Debug|Any CPU
		{CE1917FE-5A9E-4A2B-A7AC-5DBCA51EA24F}.Debug|Any CPU.Build.0 = Debug|Any CPU
		{CE1917FE-5A9E-4A2B-A7AC-5DBCA51EA24F}.Release|Any CPU.ActiveCfg = Release|Any CPU
		{CE1917FE-5A9E-4A2B-A7AC-5DBCA51EA24F}.Release|Any CPU.Build.0 = Release|Any CPU
		{2E45780C-23A2-4928-9520-5E0C71CBFC35}.Debug|Any CPU.ActiveCfg = Debug|Any CPU
		{2E45780C-23A2-4928-9520-5E0C71CBFC35}.Debug|Any CPU.Build.0 = Debug|Any CPU
		{2E45780C-23A2-4928-9520-5E0C71CBFC35}.Release|Any CPU.ActiveCfg = Release|Any CPU
		{2E45780C-23A2-4928-9520-5E0C71CBFC35}.Release|Any CPU.Build.0 = Release|Any CPU
	EndGlobalSection
	GlobalSection(SolutionProperties) = preSolution
		HideSolutionNode = FALSE
	EndGlobalSection
	GlobalSection(ExtensibilityGlobals) = postSolution
		SolutionGuid = {D0F02F73-65EC-4BD0-9D5F-011C0368BEBB}
	EndGlobalSection
EndGlobal
