
Microsoft Visual Studio Solution File, Format Version 12.00
# Visual Studio 2013
VisualStudioVersion = 12.0.31101.0
MinimumVisualStudioVersion = 10.0.40219.1
Project("{FAE04EC0-301F-11D3-BF4B-00C04F79EFBC}") = "QK.QAPP.Infrastructure", "QK.QAPP.Infrastructure\QK.QAPP.Infrastructure.csproj", "{007C5112-F4A6-496D-A425-A3BA554AB48C}"
EndProject
Project("{FAE04EC0-301F-11D3-BF4B-00C04F79EFBC}") = "QK.QAPP.Data", "QK.QAPP.Data\QK.QAPP.Data.csproj", "{C4073C60-1F73-4B97-A4B0-2BDA7BE53FC1}"
EndProject
Project("{FAE04EC0-301F-11D3-BF4B-00C04F79EFBC}") = "QK.QAPP.Entity", "QK.APP.Entity\QK.QAPP.Entity.csproj", "{BA44676A-CC87-4E0B-9050-A6E88C589515}"
EndProject
Project("{FAE04EC0-301F-11D3-BF4B-00C04F79EFBC}") = "QK.QAPP.Services", "QK.QAPP.Services\QK.QAPP.Services.csproj", "{56657C46-1227-4B08-9956-55C7E68C0C7D}"
EndProject
Project("{FAE04EC0-301F-11D3-BF4B-00C04F79EFBC}") = "QK.QAPP.MvcScaffold", "QK.QAPP.MvcScaffold\QK.QAPP.MvcScaffold.csproj", "{8DFEB18E-3F96-48F3-BFC8-8DCEDA19D2E2}"
EndProject
Project("{FAE04EC0-301F-11D3-BF4B-00C04F79EFBC}") = "QK.QAPP.SalesCenter", "QK.QAPP.SalesCenter\QK.QAPP.SalesCenter.csproj", "{075E6B74-01B2-43B8-84EC-DDCD13B68B04}"
EndProject
Project("{2150E333-8FDC-42A3-9474-1A3956D46DE8}") = "00.UnitTest", "00.UnitTest", "{D7D20164-FD37-475F-A051-FB341658B835}"
EndProject
Project("{2150E333-8FDC-42A3-9474-1A3956D46DE8}") = "01.Depends", "01.Depends", "{2DB631E0-462F-4489-87F1-4A0EE9AE2C94}"
EndProject
Project("{2150E333-8FDC-42A3-9474-1A3956D46DE8}") = "02.QK.Core", "02.QK.Core", "{8B4AC655-6186-4BD0-8A7F-5DD93D0DE9A4}"
EndProject
Project("{2150E333-8FDC-42A3-9474-1A3956D46DE8}") = "04.QK.Service", "04.QK.Service", "{F40D9057-DB12-48D7-ACBB-8F33165E6BDB}"
EndProject
Project("{FAE04EC0-301F-11D3-BF4B-00C04F79EFBC}") = "QK.QAPP.SalesTest", "QK.QAPP.SalesTest\QK.QAPP.SalesTest.csproj", "{21CEC649-78E0-4247-9675-5BCB4E561A5B}"
EndProject
Project("{FAE04EC0-301F-11D3-BF4B-00C04F79EFBC}") = "QK.QAPP.Global", "QK.QAPP.Global\QK.QAPP.Global.csproj", "{6C5277AE-2AA1-4390-B536-0979BC8C30B1}"
EndProject
Project("{2150E333-8FDC-42A3-9474-1A3956D46DE8}") = "05.Presentation", "05.Presentation", "{6AFCED61-44B1-4442-97AB-15D7E9943FDB}"
EndProject
Project("{2150E333-8FDC-42A3-9474-1A3956D46DE8}") = "04.QK.Core.Data", "04.QK.Core.Data", "{D229B326-A9F3-4A2E-9351-CC14877CF60B}"
EndProject
Project("{FAE04EC0-301F-11D3-BF4B-00C04F79EFBC}") = "QK.QAPP.Infrastructure.Data", "QK.QAPP.Infrastructure.Data\QK.QAPP.Infrastructure.Data.csproj", "{C7F1C949-84E1-48C2-92F7-11546EEB0748}"
EndProject
Project("{FAE04EC0-301F-11D3-BF4B-00C04F79EFBC}") = "QK.QAPP.IServices", "QK.QAPP.IServices\QK.QAPP.IServices.csproj", "{790990FA-2043-48EF-BF78-BFB696BE36AD}"
EndProject
Project("{FAE04EC0-301F-11D3-BF4B-00C04F79EFBC}") = "QK.QAPP.QAPI", "QK.QAPP.QAPI\QK.QAPP.QAPI.csproj", "{25FC19D5-0AA9-46AF-AD74-DF020E005DDA}"
EndProject
Project("{2150E333-8FDC-42A3-9474-1A3956D46DE8}") = "06.QK.API", "06.QK.API", "{3979F2F4-D2BB-43DD-9A53-D7D30C8B8D24}"
EndProject
Project("{FAE04EC0-301F-11D3-BF4B-00C04F79EFBC}") = "QK.API.Infrastructure", "QK.API.Infrastructure\QK.API.Infrastructure.csproj", "{71368207-F669-4A02-94F7-27A77FC1279F}"
EndProject
Project("{2150E333-8FDC-42A3-9474-1A3956D46DE8}") = "07.QK.QuartzTask", "07.QK.QuartzTask", "{8C982425-AB8D-4572-BE02-8A007CD58DDA}"
EndProject
Project("{FAE04EC0-301F-11D3-BF4B-00C04F79EFBC}") = "QK.JobCommon", "QK.JobCommon\QK.JobCommon.csproj", "{C5F2E149-F6D9-444C-B45B-515F1E504C06}"
EndProject
Project("{FAE04EC0-301F-11D3-BF4B-00C04F79EFBC}") = "QK.JobExcute", "QK.JobExcute\QK.JobExcute.csproj", "{272B33C5-9DA9-457A-AA55-437491585583}"
EndProject
Project("{FAE04EC0-301F-11D3-BF4B-00C04F79EFBC}") = "QK.QuartzService", "QK.QuartzService\QK.QuartzService.csproj", "{5D0B1A9E-D030-4DF2-ADF0-FACC370BEA80}"
EndProject
Project("{FAE04EC0-301F-11D3-BF4B-00C04F79EFBC}") = "QK.API.UnitTest", "QK.API.UnitTest\QK.API.UnitTest.csproj", "{9226A3D9-A186-41C5-8769-22562C10E9F7}"
EndProject
Global
	GlobalSection(SubversionScc) = preSolution
		Svn-Managed = True
		Manager = AnkhSVN - Subversion Support for Visual Studio
	EndGlobalSection
	GlobalSection(SolutionConfigurationPlatforms) = preSolution
		Debug|Any CPU = Debug|Any CPU
		Release|Any CPU = Release|Any CPU
	EndGlobalSection
	GlobalSection(ProjectConfigurationPlatforms) = postSolution
		{007C5112-F4A6-496D-A425-A3BA554AB48C}.Debug|Any CPU.ActiveCfg = Debug|Any CPU
		{007C5112-F4A6-496D-A425-A3BA554AB48C}.Debug|Any CPU.Build.0 = Debug|Any CPU
		{007C5112-F4A6-496D-A425-A3BA554AB48C}.Release|Any CPU.ActiveCfg = Release|Any CPU
		{007C5112-F4A6-496D-A425-A3BA554AB48C}.Release|Any CPU.Build.0 = Release|Any CPU
		{C4073C60-1F73-4B97-A4B0-2BDA7BE53FC1}.Debug|Any CPU.ActiveCfg = Debug|Any CPU
		{C4073C60-1F73-4B97-A4B0-2BDA7BE53FC1}.Debug|Any CPU.Build.0 = Debug|Any CPU
		{C4073C60-1F73-4B97-A4B0-2BDA7BE53FC1}.Release|Any CPU.ActiveCfg = Release|Any CPU
		{C4073C60-1F73-4B97-A4B0-2BDA7BE53FC1}.Release|Any CPU.Build.0 = Release|Any CPU
		{BA44676A-CC87-4E0B-9050-A6E88C589515}.Debug|Any CPU.ActiveCfg = Debug|Any CPU
		{BA44676A-CC87-4E0B-9050-A6E88C589515}.Debug|Any CPU.Build.0 = Debug|Any CPU
		{BA44676A-CC87-4E0B-9050-A6E88C589515}.Release|Any CPU.ActiveCfg = Release|Any CPU
		{BA44676A-CC87-4E0B-9050-A6E88C589515}.Release|Any CPU.Build.0 = Release|Any CPU
		{56657C46-1227-4B08-9956-55C7E68C0C7D}.Debug|Any CPU.ActiveCfg = Debug|Any CPU
		{56657C46-1227-4B08-9956-55C7E68C0C7D}.Debug|Any CPU.Build.0 = Debug|Any CPU
		{56657C46-1227-4B08-9956-55C7E68C0C7D}.Release|Any CPU.ActiveCfg = Release|Any CPU
		{56657C46-1227-4B08-9956-55C7E68C0C7D}.Release|Any CPU.Build.0 = Release|Any CPU
		{8DFEB18E-3F96-48F3-BFC8-8DCEDA19D2E2}.Debug|Any CPU.ActiveCfg = Debug|Any CPU
		{8DFEB18E-3F96-48F3-BFC8-8DCEDA19D2E2}.Debug|Any CPU.Build.0 = Debug|Any CPU
		{8DFEB18E-3F96-48F3-BFC8-8DCEDA19D2E2}.Release|Any CPU.ActiveCfg = Release|Any CPU
		{8DFEB18E-3F96-48F3-BFC8-8DCEDA19D2E2}.Release|Any CPU.Build.0 = Release|Any CPU
		{075E6B74-01B2-43B8-84EC-DDCD13B68B04}.Debug|Any CPU.ActiveCfg = Debug|Any CPU
		{075E6B74-01B2-43B8-84EC-DDCD13B68B04}.Debug|Any CPU.Build.0 = Debug|Any CPU
		{075E6B74-01B2-43B8-84EC-DDCD13B68B04}.Release|Any CPU.ActiveCfg = Release|Any CPU
		{075E6B74-01B2-43B8-84EC-DDCD13B68B04}.Release|Any CPU.Build.0 = Release|Any CPU
		{21CEC649-78E0-4247-9675-5BCB4E561A5B}.Debug|Any CPU.ActiveCfg = Debug|Any CPU
		{21CEC649-78E0-4247-9675-5BCB4E561A5B}.Debug|Any CPU.Build.0 = Debug|Any CPU
		{21CEC649-78E0-4247-9675-5BCB4E561A5B}.Release|Any CPU.ActiveCfg = Release|Any CPU
		{21CEC649-78E0-4247-9675-5BCB4E561A5B}.Release|Any CPU.Build.0 = Release|Any CPU
		{6C5277AE-2AA1-4390-B536-0979BC8C30B1}.Debug|Any CPU.ActiveCfg = Debug|Any CPU
		{6C5277AE-2AA1-4390-B536-0979BC8C30B1}.Debug|Any CPU.Build.0 = Debug|Any CPU
		{6C5277AE-2AA1-4390-B536-0979BC8C30B1}.Release|Any CPU.ActiveCfg = Release|Any CPU
		{6C5277AE-2AA1-4390-B536-0979BC8C30B1}.Release|Any CPU.Build.0 = Release|Any CPU
		{C7F1C949-84E1-48C2-92F7-11546EEB0748}.Debug|Any CPU.ActiveCfg = Debug|Any CPU
		{C7F1C949-84E1-48C2-92F7-11546EEB0748}.Debug|Any CPU.Build.0 = Debug|Any CPU
		{C7F1C949-84E1-48C2-92F7-11546EEB0748}.Release|Any CPU.ActiveCfg = Release|Any CPU
		{C7F1C949-84E1-48C2-92F7-11546EEB0748}.Release|Any CPU.Build.0 = Release|Any CPU
		{790990FA-2043-48EF-BF78-BFB696BE36AD}.Debug|Any CPU.ActiveCfg = Debug|Any CPU
		{790990FA-2043-48EF-BF78-BFB696BE36AD}.Debug|Any CPU.Build.0 = Debug|Any CPU
		{790990FA-2043-48EF-BF78-BFB696BE36AD}.Release|Any CPU.ActiveCfg = Release|Any CPU
		{790990FA-2043-48EF-BF78-BFB696BE36AD}.Release|Any CPU.Build.0 = Release|Any CPU
		{25FC19D5-0AA9-46AF-AD74-DF020E005DDA}.Debug|Any CPU.ActiveCfg = Debug|Any CPU
		{25FC19D5-0AA9-46AF-AD74-DF020E005DDA}.Debug|Any CPU.Build.0 = Debug|Any CPU
		{25FC19D5-0AA9-46AF-AD74-DF020E005DDA}.Release|Any CPU.ActiveCfg = Release|Any CPU
		{25FC19D5-0AA9-46AF-AD74-DF020E005DDA}.Release|Any CPU.Build.0 = Release|Any CPU
		{71368207-F669-4A02-94F7-27A77FC1279F}.Debug|Any CPU.ActiveCfg = Debug|Any CPU
		{71368207-F669-4A02-94F7-27A77FC1279F}.Debug|Any CPU.Build.0 = Debug|Any CPU
		{71368207-F669-4A02-94F7-27A77FC1279F}.Release|Any CPU.ActiveCfg = Release|Any CPU
		{71368207-F669-4A02-94F7-27A77FC1279F}.Release|Any CPU.Build.0 = Release|Any CPU
		{C5F2E149-F6D9-444C-B45B-515F1E504C06}.Debug|Any CPU.ActiveCfg = Debug|Any CPU
		{C5F2E149-F6D9-444C-B45B-515F1E504C06}.Debug|Any CPU.Build.0 = Debug|Any CPU
		{C5F2E149-F6D9-444C-B45B-515F1E504C06}.Release|Any CPU.ActiveCfg = Release|Any CPU
		{C5F2E149-F6D9-444C-B45B-515F1E504C06}.Release|Any CPU.Build.0 = Release|Any CPU
		{272B33C5-9DA9-457A-AA55-437491585583}.Debug|Any CPU.ActiveCfg = Debug|Any CPU
		{272B33C5-9DA9-457A-AA55-437491585583}.Debug|Any CPU.Build.0 = Debug|Any CPU
		{272B33C5-9DA9-457A-AA55-437491585583}.Release|Any CPU.ActiveCfg = Release|Any CPU
		{272B33C5-9DA9-457A-AA55-437491585583}.Release|Any CPU.Build.0 = Release|Any CPU
		{5D0B1A9E-D030-4DF2-ADF0-FACC370BEA80}.Debug|Any CPU.ActiveCfg = Debug|Any CPU
		{5D0B1A9E-D030-4DF2-ADF0-FACC370BEA80}.Debug|Any CPU.Build.0 = Debug|Any CPU
		{5D0B1A9E-D030-4DF2-ADF0-FACC370BEA80}.Release|Any CPU.ActiveCfg = Release|Any CPU
		{5D0B1A9E-D030-4DF2-ADF0-FACC370BEA80}.Release|Any CPU.Build.0 = Release|Any CPU
		{9226A3D9-A186-41C5-8769-22562C10E9F7}.Debug|Any CPU.ActiveCfg = Debug|Any CPU
		{9226A3D9-A186-41C5-8769-22562C10E9F7}.Debug|Any CPU.Build.0 = Debug|Any CPU
		{9226A3D9-A186-41C5-8769-22562C10E9F7}.Release|Any CPU.ActiveCfg = Release|Any CPU
		{9226A3D9-A186-41C5-8769-22562C10E9F7}.Release|Any CPU.Build.0 = Release|Any CPU
	EndGlobalSection
	GlobalSection(SolutionProperties) = preSolution
		HideSolutionNode = FALSE
	EndGlobalSection
	GlobalSection(NestedProjects) = preSolution
		{007C5112-F4A6-496D-A425-A3BA554AB48C} = {8B4AC655-6186-4BD0-8A7F-5DD93D0DE9A4}
		{C4073C60-1F73-4B97-A4B0-2BDA7BE53FC1} = {D229B326-A9F3-4A2E-9351-CC14877CF60B}
		{BA44676A-CC87-4E0B-9050-A6E88C589515} = {D229B326-A9F3-4A2E-9351-CC14877CF60B}
		{56657C46-1227-4B08-9956-55C7E68C0C7D} = {F40D9057-DB12-48D7-ACBB-8F33165E6BDB}
		{8DFEB18E-3F96-48F3-BFC8-8DCEDA19D2E2} = {F40D9057-DB12-48D7-ACBB-8F33165E6BDB}
		{075E6B74-01B2-43B8-84EC-DDCD13B68B04} = {6AFCED61-44B1-4442-97AB-15D7E9943FDB}
		{21CEC649-78E0-4247-9675-5BCB4E561A5B} = {D7D20164-FD37-475F-A051-FB341658B835}
		{6C5277AE-2AA1-4390-B536-0979BC8C30B1} = {8B4AC655-6186-4BD0-8A7F-5DD93D0DE9A4}
		{C7F1C949-84E1-48C2-92F7-11546EEB0748} = {8B4AC655-6186-4BD0-8A7F-5DD93D0DE9A4}
		{790990FA-2043-48EF-BF78-BFB696BE36AD} = {F40D9057-DB12-48D7-ACBB-8F33165E6BDB}
		{25FC19D5-0AA9-46AF-AD74-DF020E005DDA} = {3979F2F4-D2BB-43DD-9A53-D7D30C8B8D24}
		{71368207-F669-4A02-94F7-27A77FC1279F} = {3979F2F4-D2BB-43DD-9A53-D7D30C8B8D24}
		{C5F2E149-F6D9-444C-B45B-515F1E504C06} = {8C982425-AB8D-4572-BE02-8A007CD58DDA}
		{272B33C5-9DA9-457A-AA55-437491585583} = {8C982425-AB8D-4572-BE02-8A007CD58DDA}
		{5D0B1A9E-D030-4DF2-ADF0-FACC370BEA80} = {8C982425-AB8D-4572-BE02-8A007CD58DDA}
		{9226A3D9-A186-41C5-8769-22562C10E9F7} = {3979F2F4-D2BB-43DD-9A53-D7D30C8B8D24}
	EndGlobalSection
EndGlobal
